// !$*UTF8*$!
{
	archiveVersion = 1;
	classes = {
	};
	objectVersion = 50;
	objects = {

/* Begin PBXBuildFile section */
		8E0659012381EE89006334CF /* AppDelegate.swift in Sources */ = {isa = PBXBuildFile; fileRef = 8E0659002381EE89006334CF /* AppDelegate.swift */; };
		8E0659062381EE89006334CF /* Main.storyboard in Resources */ = {isa = PBXBuildFile; fileRef = 8E0659042381EE89006334CF /* Main.storyboard */; };
		8E0659082381EE8A006334CF /* Assets.xcassets in Resources */ = {isa = PBXBuildFile; fileRef = 8E0659072381EE8A006334CF /* Assets.xcassets */; };
		8E06590B2381EE8A006334CF /* LaunchScreen.storyboard in Resources */ = {isa = PBXBuildFile; fileRef = 8E0659092381EE8A006334CF /* LaunchScreen.storyboard */; };
		8E0659162381EE8B006334CF /* RedditPostAppTests.swift in Sources */ = {isa = PBXBuildFile; fileRef = 8E0659152381EE8B006334CF /* RedditPostAppTests.swift */; };
		8E0659232381F02D006334CF /* RedditConstants.swift in Sources */ = {isa = PBXBuildFile; fileRef = 8E0659222381F02D006334CF /* RedditConstants.swift */; };
		8E0659252381F10D006334CF /* Client.swift in Sources */ = {isa = PBXBuildFile; fileRef = 8E0659242381F10D006334CF /* Client.swift */; };
		8E0659282381F4C5006334CF /* Models.swift in Sources */ = {isa = PBXBuildFile; fileRef = 8E0659272381F4C5006334CF /* Models.swift */; };
		8E06592A2381F718006334CF /* RedditAPI.swift in Sources */ = {isa = PBXBuildFile; fileRef = 8E0659292381F718006334CF /* RedditAPI.swift */; };
		8E06593223820E84006334CF /* WelcomePresenter.swift in Sources */ = {isa = PBXBuildFile; fileRef = 8E06592C23820E84006334CF /* WelcomePresenter.swift */; };
		8E06593323820E84006334CF /* WelcomeWorker.swift in Sources */ = {isa = PBXBuildFile; fileRef = 8E06592D23820E84006334CF /* WelcomeWorker.swift */; };
		8E06593423820E84006334CF /* WelcomeRouter.swift in Sources */ = {isa = PBXBuildFile; fileRef = 8E06592E23820E84006334CF /* WelcomeRouter.swift */; };
		8E06593523820E84006334CF /* WelcomeModels.swift in Sources */ = {isa = PBXBuildFile; fileRef = 8E06592F23820E84006334CF /* WelcomeModels.swift */; };
		8E06593623820E84006334CF /* WelcomeViewController.swift in Sources */ = {isa = PBXBuildFile; fileRef = 8E06593023820E84006334CF /* WelcomeViewController.swift */; };
		8E06593723820E84006334CF /* WelcomeInteractor.swift in Sources */ = {isa = PBXBuildFile; fileRef = 8E06593123820E84006334CF /* WelcomeInteractor.swift */; };
		8E06594023820EA3006334CF /* PostsPresenter.swift in Sources */ = {isa = PBXBuildFile; fileRef = 8E06593A23820EA3006334CF /* PostsPresenter.swift */; };
		8E06594123820EA3006334CF /* PostsWorker.swift in Sources */ = {isa = PBXBuildFile; fileRef = 8E06593B23820EA3006334CF /* PostsWorker.swift */; };
		8E06594223820EA3006334CF /* PostsRouter.swift in Sources */ = {isa = PBXBuildFile; fileRef = 8E06593C23820EA3006334CF /* PostsRouter.swift */; };
		8E06594323820EA3006334CF /* PostsModels.swift in Sources */ = {isa = PBXBuildFile; fileRef = 8E06593D23820EA3006334CF /* PostsModels.swift */; };
		8E06594423820EA3006334CF /* PostsViewController.swift in Sources */ = {isa = PBXBuildFile; fileRef = 8E06593E23820EA3006334CF /* PostsViewController.swift */; };
		8E06594523820EA3006334CF /* PostsInteractor.swift in Sources */ = {isa = PBXBuildFile; fileRef = 8E06593F23820EA3006334CF /* PostsInteractor.swift */; };
		8E06594923821C7E006334CF /* RedditPostTableViewCell.swift in Sources */ = {isa = PBXBuildFile; fileRef = 8E06594723821C7E006334CF /* RedditPostTableViewCell.swift */; };
		8E06594A23821C7E006334CF /* RedditPostTableViewCell.xib in Resources */ = {isa = PBXBuildFile; fileRef = 8E06594823821C7E006334CF /* RedditPostTableViewCell.xib */; };
		8E06594E238220B0006334CF /* LoadingTableViewCell.xib in Resources */ = {isa = PBXBuildFile; fileRef = 8E06594C238220B0006334CF /* LoadingTableViewCell.xib */; };
		8E06594F238220B0006334CF /* LoadingTableViewCell.swift in Sources */ = {isa = PBXBuildFile; fileRef = 8E06594D238220B0006334CF /* LoadingTableViewCell.swift */; };
/* End PBXBuildFile section */

/* Begin PBXContainerItemProxy section */
		8E0659122381EE8B006334CF /* PBXContainerItemProxy */ = {
			isa = PBXContainerItemProxy;
			containerPortal = 8E0658F52381EE89006334CF /* Project object */;
			proxyType = 1;
			remoteGlobalIDString = 8E0658FC2381EE89006334CF;
			remoteInfo = RedditPostApp;
		};
/* End PBXContainerItemProxy section */

/* Begin PBXFileReference section */
		8E0658FD2381EE89006334CF /* RedditPostApp.app */ = {isa = PBXFileReference; explicitFileType = wrapper.application; includeInIndex = 0; path = RedditPostApp.app; sourceTree = BUILT_PRODUCTS_DIR; };
		8E0659002381EE89006334CF /* AppDelegate.swift */ = {isa = PBXFileReference; lastKnownFileType = sourcecode.swift; path = AppDelegate.swift; sourceTree = "<group>"; };
		8E0659052381EE89006334CF /* Base */ = {isa = PBXFileReference; lastKnownFileType = file.storyboard; name = Base; path = Base.lproj/Main.storyboard; sourceTree = "<group>"; };
		8E0659072381EE8A006334CF /* Assets.xcassets */ = {isa = PBXFileReference; lastKnownFileType = folder.assetcatalog; path = Assets.xcassets; sourceTree = "<group>"; };
		8E06590A2381EE8A006334CF /* Base */ = {isa = PBXFileReference; lastKnownFileType = file.storyboard; name = Base; path = Base.lproj/LaunchScreen.storyboard; sourceTree = "<group>"; };
		8E06590C2381EE8A006334CF /* Info.plist */ = {isa = PBXFileReference; lastKnownFileType = text.plist.xml; path = Info.plist; sourceTree = "<group>"; };
		8E0659112381EE8B006334CF /* RedditPostAppTests.xctest */ = {isa = PBXFileReference; explicitFileType = wrapper.cfbundle; includeInIndex = 0; path = RedditPostAppTests.xctest; sourceTree = BUILT_PRODUCTS_DIR; };
		8E0659152381EE8B006334CF /* RedditPostAppTests.swift */ = {isa = PBXFileReference; lastKnownFileType = sourcecode.swift; path = RedditPostAppTests.swift; sourceTree = "<group>"; };
		8E0659172381EE8B006334CF /* Info.plist */ = {isa = PBXFileReference; lastKnownFileType = text.plist.xml; path = Info.plist; sourceTree = "<group>"; };
		8E0659222381F02D006334CF /* RedditConstants.swift */ = {isa = PBXFileReference; lastKnownFileType = sourcecode.swift; path = RedditConstants.swift; sourceTree = "<group>"; };
		8E0659242381F10D006334CF /* Client.swift */ = {isa = PBXFileReference; lastKnownFileType = sourcecode.swift; path = Client.swift; sourceTree = "<group>"; };
		8E0659272381F4C5006334CF /* Models.swift */ = {isa = PBXFileReference; lastKnownFileType = sourcecode.swift; path = Models.swift; sourceTree = "<group>"; };
		8E0659292381F718006334CF /* RedditAPI.swift */ = {isa = PBXFileReference; lastKnownFileType = sourcecode.swift; path = RedditAPI.swift; sourceTree = "<group>"; };
		8E06592C23820E84006334CF /* WelcomePresenter.swift */ = {isa = PBXFileReference; lastKnownFileType = sourcecode.swift; path = WelcomePresenter.swift; sourceTree = "<group>"; };
		8E06592D23820E84006334CF /* WelcomeWorker.swift */ = {isa = PBXFileReference; lastKnownFileType = sourcecode.swift; path = WelcomeWorker.swift; sourceTree = "<group>"; };
		8E06592E23820E84006334CF /* WelcomeRouter.swift */ = {isa = PBXFileReference; lastKnownFileType = sourcecode.swift; path = WelcomeRouter.swift; sourceTree = "<group>"; };
		8E06592F23820E84006334CF /* WelcomeModels.swift */ = {isa = PBXFileReference; lastKnownFileType = sourcecode.swift; path = WelcomeModels.swift; sourceTree = "<group>"; };
		8E06593023820E84006334CF /* WelcomeViewController.swift */ = {isa = PBXFileReference; lastKnownFileType = sourcecode.swift; path = WelcomeViewController.swift; sourceTree = "<group>"; };
		8E06593123820E84006334CF /* WelcomeInteractor.swift */ = {isa = PBXFileReference; lastKnownFileType = sourcecode.swift; path = WelcomeInteractor.swift; sourceTree = "<group>"; };
		8E06593A23820EA3006334CF /* PostsPresenter.swift */ = {isa = PBXFileReference; lastKnownFileType = sourcecode.swift; path = PostsPresenter.swift; sourceTree = "<group>"; };
		8E06593B23820EA3006334CF /* PostsWorker.swift */ = {isa = PBXFileReference; lastKnownFileType = sourcecode.swift; path = PostsWorker.swift; sourceTree = "<group>"; };
		8E06593C23820EA3006334CF /* PostsRouter.swift */ = {isa = PBXFileReference; lastKnownFileType = sourcecode.swift; path = PostsRouter.swift; sourceTree = "<group>"; };
		8E06593D23820EA3006334CF /* PostsModels.swift */ = {isa = PBXFileReference; lastKnownFileType = sourcecode.swift; path = PostsModels.swift; sourceTree = "<group>"; };
		8E06593E23820EA3006334CF /* PostsViewController.swift */ = {isa = PBXFileReference; lastKnownFileType = sourcecode.swift; path = PostsViewController.swift; sourceTree = "<group>"; };
		8E06593F23820EA3006334CF /* PostsInteractor.swift */ = {isa = PBXFileReference; lastKnownFileType = sourcecode.swift; path = PostsInteractor.swift; sourceTree = "<group>"; };
		8E06594723821C7E006334CF /* RedditPostTableViewCell.swift */ = {isa = PBXFileReference; lastKnownFileType = sourcecode.swift; path = RedditPostTableViewCell.swift; sourceTree = "<group>"; };
		8E06594823821C7E006334CF /* RedditPostTableViewCell.xib */ = {isa = PBXFileReference; lastKnownFileType = file.xib; path = RedditPostTableViewCell.xib; sourceTree = "<group>"; };
		8E06594C238220B0006334CF /* LoadingTableViewCell.xib */ = {isa = PBXFileReference; fileEncoding = 4; lastKnownFileType = file.xib; path = LoadingTableViewCell.xib; sourceTree = "<group>"; };
		8E06594D238220B0006334CF /* LoadingTableViewCell.swift */ = {isa = PBXFileReference; fileEncoding = 4; lastKnownFileType = sourcecode.swift; path = LoadingTableViewCell.swift; sourceTree = "<group>"; };
/* End PBXFileReference section */

/* Begin PBXFrameworksBuildPhase section */
		8E0658FA2381EE89006334CF /* Frameworks */ = {
			isa = PBXFrameworksBuildPhase;
			buildActionMask = 2147483647;
			files = (
			);
			runOnlyForDeploymentPostprocessing = 0;
		};
		8E06590E2381EE8B006334CF /* Frameworks */ = {
			isa = PBXFrameworksBuildPhase;
			buildActionMask = 2147483647;
			files = (
			);
			runOnlyForDeploymentPostprocessing = 0;
		};
/* End PBXFrameworksBuildPhase section */

/* Begin PBXGroup section */
		8E0658F42381EE89006334CF = {
			isa = PBXGroup;
			children = (
				8E0658FF2381EE89006334CF /* RedditPostApp */,
				8E0659142381EE8B006334CF /* RedditPostAppTests */,
				8E0658FE2381EE89006334CF /* Products */,
			);
			sourceTree = "<group>";
		};
		8E0658FE2381EE89006334CF /* Products */ = {
			isa = PBXGroup;
			children = (
				8E0658FD2381EE89006334CF /* RedditPostApp.app */,
				8E0659112381EE8B006334CF /* RedditPostAppTests.xctest */,
			);
			name = Products;
			sourceTree = "<group>";
		};
		8E0658FF2381EE89006334CF /* RedditPostApp */ = {
			isa = PBXGroup;
			children = (
				8E06592B23820E24006334CF /* Scene */,
				8E0659262381F4B9006334CF /* Models */,
				8E0659212381F012006334CF /* Helpers */,
				8E0659202381F00A006334CF /* API */,
				8E0659002381EE89006334CF /* AppDelegate.swift */,
				8E0659042381EE89006334CF /* Main.storyboard */,
				8E0659072381EE8A006334CF /* Assets.xcassets */,
				8E0659092381EE8A006334CF /* LaunchScreen.storyboard */,
				8E06590C2381EE8A006334CF /* Info.plist */,
			);
			path = RedditPostApp;
			sourceTree = "<group>";
		};
		8E0659142381EE8B006334CF /* RedditPostAppTests */ = {
			isa = PBXGroup;
			children = (
				8E0659152381EE8B006334CF /* RedditPostAppTests.swift */,
				8E0659172381EE8B006334CF /* Info.plist */,
			);
			path = RedditPostAppTests;
			sourceTree = "<group>";
		};
		8E0659202381F00A006334CF /* API */ = {
			isa = PBXGroup;
			children = (
				8E0659242381F10D006334CF /* Client.swift */,
				8E0659292381F718006334CF /* RedditAPI.swift */,
			);
			path = API;
			sourceTree = "<group>";
		};
		8E0659212381F012006334CF /* Helpers */ = {
			isa = PBXGroup;
			children = (
				8E0659222381F02D006334CF /* RedditConstants.swift */,
			);
			path = Helpers;
			sourceTree = "<group>";
		};
		8E0659262381F4B9006334CF /* Models */ = {
			isa = PBXGroup;
			children = (
				8E0659272381F4C5006334CF /* Models.swift */,
			);
			path = Models;
			sourceTree = "<group>";
		};
		8E06592B23820E24006334CF /* Scene */ = {
			isa = PBXGroup;
			children = (
				8E06594B23822075006334CF /* Helper Views */,
				8E06593923820E90006334CF /* Posts */,
				8E06593823820E88006334CF /* Welcome */,
			);
			path = Scene;
			sourceTree = "<group>";
		};
		8E06593823820E88006334CF /* Welcome */ = {
			isa = PBXGroup;
			children = (
				8E06592C23820E84006334CF /* WelcomePresenter.swift */,
				8E06592D23820E84006334CF /* WelcomeWorker.swift */,
				8E06592E23820E84006334CF /* WelcomeRouter.swift */,
				8E06592F23820E84006334CF /* WelcomeModels.swift */,
				8E06593023820E84006334CF /* WelcomeViewController.swift */,
				8E06593123820E84006334CF /* WelcomeInteractor.swift */,
			);
			path = Welcome;
			sourceTree = "<group>";
		};
		8E06593923820E90006334CF /* Posts */ = {
			isa = PBXGroup;
			children = (
				8E06594623821C40006334CF /* Cells */,
				8E06593A23820EA3006334CF /* PostsPresenter.swift */,
				8E06593B23820EA3006334CF /* PostsWorker.swift */,
				8E06593C23820EA3006334CF /* PostsRouter.swift */,
				8E06593D23820EA3006334CF /* PostsModels.swift */,
				8E06593E23820EA3006334CF /* PostsViewController.swift */,
				8E06593F23820EA3006334CF /* PostsInteractor.swift */,
			);
			path = Posts;
			sourceTree = "<group>";
		};
		8E06594623821C40006334CF /* Cells */ = {
			isa = PBXGroup;
			children = (
				8E06594723821C7E006334CF /* RedditPostTableViewCell.swift */,
				8E06594823821C7E006334CF /* RedditPostTableViewCell.xib */,
			);
			path = Cells;
			sourceTree = "<group>";
		};
		8E06594B23822075006334CF /* Helper Views */ = {
			isa = PBXGroup;
			children = (
				8E06594D238220B0006334CF /* LoadingTableViewCell.swift */,
				8E06594C238220B0006334CF /* LoadingTableViewCell.xib */,
			);
			path = "Helper Views";
			sourceTree = "<group>";
		};
/* End PBXGroup section */

/* Begin PBXNativeTarget section */
		8E0658FC2381EE89006334CF /* RedditPostApp */ = {
			isa = PBXNativeTarget;
			buildConfigurationList = 8E06591A2381EE8B006334CF /* Build configuration list for PBXNativeTarget "RedditPostApp" */;
			buildPhases = (
				8E0658F92381EE89006334CF /* Sources */,
				8E0658FA2381EE89006334CF /* Frameworks */,
				8E0658FB2381EE89006334CF /* Resources */,
			);
			buildRules = (
			);
			dependencies = (
			);
			name = RedditPostApp;
			productName = RedditPostApp;
			productReference = 8E0658FD2381EE89006334CF /* RedditPostApp.app */;
			productType = "com.apple.product-type.application";
		};
		8E0659102381EE8B006334CF /* RedditPostAppTests */ = {
			isa = PBXNativeTarget;
			buildConfigurationList = 8E06591D2381EE8B006334CF /* Build configuration list for PBXNativeTarget "RedditPostAppTests" */;
			buildPhases = (
				8E06590D2381EE8B006334CF /* Sources */,
				8E06590E2381EE8B006334CF /* Frameworks */,
				8E06590F2381EE8B006334CF /* Resources */,
			);
			buildRules = (
			);
			dependencies = (
				8E0659132381EE8B006334CF /* PBXTargetDependency */,
			);
			name = RedditPostAppTests;
			productName = RedditPostAppTests;
			productReference = 8E0659112381EE8B006334CF /* RedditPostAppTests.xctest */;
			productType = "com.apple.product-type.bundle.unit-test";
		};
/* End PBXNativeTarget section */

/* Begin PBXProject section */
		8E0658F52381EE89006334CF /* Project object */ = {
			isa = PBXProject;
			attributes = {
				LastSwiftUpdateCheck = 1010;
				LastUpgradeCheck = 1010;
				ORGANIZATIONNAME = "Orlando Arzola";
				TargetAttributes = {
					8E0658FC2381EE89006334CF = {
						CreatedOnToolsVersion = 10.1;
					};
					8E0659102381EE8B006334CF = {
						CreatedOnToolsVersion = 10.1;
						TestTargetID = 8E0658FC2381EE89006334CF;
					};
				};
			};
			buildConfigurationList = 8E0658F82381EE89006334CF /* Build configuration list for PBXProject "RedditPostApp" */;
			compatibilityVersion = "Xcode 9.3";
			developmentRegion = en;
			hasScannedForEncodings = 0;
			knownRegions = (
				en,
				Base,
			);
			mainGroup = 8E0658F42381EE89006334CF;
			productRefGroup = 8E0658FE2381EE89006334CF /* Products */;
			projectDirPath = "";
			projectRoot = "";
			targets = (
				8E0658FC2381EE89006334CF /* RedditPostApp */,
				8E0659102381EE8B006334CF /* RedditPostAppTests */,
			);
		};
/* End PBXProject section */

/* Begin PBXResourcesBuildPhase section */
		8E0658FB2381EE89006334CF /* Resources */ = {
			isa = PBXResourcesBuildPhase;
			buildActionMask = 2147483647;
			files = (
				8E06590B2381EE8A006334CF /* LaunchScreen.storyboard in Resources */,
				8E06594E238220B0006334CF /* LoadingTableViewCell.xib in Resources */,
				8E06594A23821C7E006334CF /* RedditPostTableViewCell.xib in Resources */,
				8E0659082381EE8A006334CF /* Assets.xcassets in Resources */,
				8E0659062381EE89006334CF /* Main.storyboard in Resources */,
			);
			runOnlyForDeploymentPostprocessing = 0;
		};
		8E06590F2381EE8B006334CF /* Resources */ = {
			isa = PBXResourcesBuildPhase;
			buildActionMask = 2147483647;
			files = (
			);
			runOnlyForDeploymentPostprocessing = 0;
		};
/* End PBXResourcesBuildPhase section */

/* Begin PBXSourcesBuildPhase section */
		8E0658F92381EE89006334CF /* Sources */ = {
			isa = PBXSourcesBuildPhase;
			buildActionMask = 2147483647;
			files = (
				8E06594F238220B0006334CF /* LoadingTableViewCell.swift in Sources */,
				8E06593423820E84006334CF /* WelcomeRouter.swift in Sources */,
				8E06594123820EA3006334CF /* PostsWorker.swift in Sources */,
				8E06594423820EA3006334CF /* PostsViewController.swift in Sources */,
				8E06593623820E84006334CF /* WelcomeViewController.swift in Sources */,
				8E0659012381EE89006334CF /* AppDelegate.swift in Sources */,
				8E06594523820EA3006334CF /* PostsInteractor.swift in Sources */,
				8E06593223820E84006334CF /* WelcomePresenter.swift in Sources */,
				8E06594923821C7E006334CF /* RedditPostTableViewCell.swift in Sources */,
				8E06594023820EA3006334CF /* PostsPresenter.swift in Sources */,
				8E06592A2381F718006334CF /* RedditAPI.swift in Sources */,
				8E06593323820E84006334CF /* WelcomeWorker.swift in Sources */,
				8E06594323820EA3006334CF /* PostsModels.swift in Sources */,
				8E06593523820E84006334CF /* WelcomeModels.swift in Sources */,
				8E0659252381F10D006334CF /* Client.swift in Sources */,
				8E06593723820E84006334CF /* WelcomeInteractor.swift in Sources */,
				8E06594223820EA3006334CF /* PostsRouter.swift in Sources */,
				8E0659232381F02D006334CF /* RedditConstants.swift in Sources */,
				8E0659282381F4C5006334CF /* Models.swift in Sources */,
			);
			runOnlyForDeploymentPostprocessing = 0;
		};
		8E06590D2381EE8B006334CF /* Sources */ = {
			isa = PBXSourcesBuildPhase;
			buildActionMask = 2147483647;
			files = (
				8E0659162381EE8B006334CF /* RedditPostAppTests.swift in Sources */,
			);
			runOnlyForDeploymentPostprocessing = 0;
		};
/* End PBXSourcesBuildPhase section */

/* Begin PBXTargetDependency section */
		8E0659132381EE8B006334CF /* PBXTargetDependency */ = {
			isa = PBXTargetDependency;
			target = 8E0658FC2381EE89006334CF /* RedditPostApp */;
			targetProxy = 8E0659122381EE8B006334CF /* PBXContainerItemProxy */;
		};
/* End PBXTargetDependency section */

/* Begin PBXVariantGroup section */
		8E0659042381EE89006334CF /* Main.storyboard */ = {
			isa = PBXVariantGroup;
			children = (
				8E0659052381EE89006334CF /* Base */,
			);
			name = Main.storyboard;
			sourceTree = "<group>";
		};
		8E0659092381EE8A006334CF /* LaunchScreen.storyboard */ = {
			isa = PBXVariantGroup;
			children = (
				8E06590A2381EE8A006334CF /* Base */,
			);
			name = LaunchScreen.storyboard;
			sourceTree = "<group>";
		};
/* End PBXVariantGroup section */

/* Begin XCBuildConfiguration section */
		8E0659182381EE8B006334CF /* Debug */ = {
			isa = XCBuildConfiguration;
			buildSettings = {
				ALWAYS_SEARCH_USER_PATHS = NO;
				CLANG_ANALYZER_NONNULL = YES;
				CLANG_ANALYZER_NUMBER_OBJECT_CONVERSION = YES_AGGRESSIVE;
				CLANG_CXX_LANGUAGE_STANDARD = "gnu++14";
				CLANG_CXX_LIBRARY = "libc++";
				CLANG_ENABLE_MODULES = YES;
				CLANG_ENABLE_OBJC_ARC = YES;
				CLANG_ENABLE_OBJC_WEAK = YES;
				CLANG_WARN_BLOCK_CAPTURE_AUTORELEASING = YES;
				CLANG_WARN_BOOL_CONVERSION = YES;
				CLANG_WARN_COMMA = YES;
				CLANG_WARN_CONSTANT_CONVERSION = YES;
				CLANG_WARN_DEPRECATED_OBJC_IMPLEMENTATIONS = YES;
				CLANG_WARN_DIRECT_OBJC_ISA_USAGE = YES_ERROR;
				CLANG_WARN_DOCUMENTATION_COMMENTS = YES;
				CLANG_WARN_EMPTY_BODY = YES;
				CLANG_WARN_ENUM_CONVERSION = YES;
				CLANG_WARN_INFINITE_RECURSION = YES;
				CLANG_WARN_INT_CONVERSION = YES;
				CLANG_WARN_NON_LITERAL_NULL_CONVERSION = YES;
				CLANG_WARN_OBJC_IMPLICIT_RETAIN_SELF = YES;
				CLANG_WARN_OBJC_LITERAL_CONVERSION = YES;
				CLANG_WARN_OBJC_ROOT_CLASS = YES_ERROR;
				CLANG_WARN_RANGE_LOOP_ANALYSIS = YES;
				CLANG_WARN_STRICT_PROTOTYPES = YES;
				CLANG_WARN_SUSPICIOUS_MOVE = YES;
				CLANG_WARN_UNGUARDED_AVAILABILITY = YES_AGGRESSIVE;
				CLANG_WARN_UNREACHABLE_CODE = YES;
				CLANG_WARN__DUPLICATE_METHOD_MATCH = YES;
				CODE_SIGN_IDENTITY = "iPhone Developer";
				COPY_PHASE_STRIP = NO;
				DEBUG_INFORMATION_FORMAT = dwarf;
				ENABLE_STRICT_OBJC_MSGSEND = YES;
				ENABLE_TESTABILITY = YES;
				GCC_C_LANGUAGE_STANDARD = gnu11;
				GCC_DYNAMIC_NO_PIC = NO;
				GCC_NO_COMMON_BLOCKS = YES;
				GCC_OPTIMIZATION_LEVEL = 0;
				GCC_PREPROCESSOR_DEFINITIONS = (
					"DEBUG=1",
					"$(inherited)",
				);
				GCC_WARN_64_TO_32_BIT_CONVERSION = YES;
				GCC_WARN_ABOUT_RETURN_TYPE = YES_ERROR;
				GCC_WARN_UNDECLARED_SELECTOR = YES;
				GCC_WARN_UNINITIALIZED_AUTOS = YES_AGGRESSIVE;
				GCC_WARN_UNUSED_FUNCTION = YES;
				GCC_WARN_UNUSED_VARIABLE = YES;
				IPHONEOS_DEPLOYMENT_TARGET = 12.1;
				MTL_ENABLE_DEBUG_INFO = INCLUDE_SOURCE;
				MTL_FAST_MATH = YES;
				ONLY_ACTIVE_ARCH = YES;
				SDKROOT = iphoneos;
				SWIFT_ACTIVE_COMPILATION_CONDITIONS = DEBUG;
				SWIFT_OPTIMIZATION_LEVEL = "-Onone";
			};
			name = Debug;
		};
		8E0659192381EE8B006334CF /* Release */ = {
			isa = XCBuildConfiguration;
			buildSettings = {
				ALWAYS_SEARCH_USER_PATHS = NO;
				CLANG_ANALYZER_NONNULL = YES;
				CLANG_ANALYZER_NUMBER_OBJECT_CONVERSION = YES_AGGRESSIVE;
				CLANG_CXX_LANGUAGE_STANDARD = "gnu++14";
				CLANG_CXX_LIBRARY = "libc++";
				CLANG_ENABLE_MODULES = YES;
				CLANG_ENABLE_OBJC_ARC = YES;
				CLANG_ENABLE_OBJC_WEAK = YES;
				CLANG_WARN_BLOCK_CAPTURE_AUTORELEASING = YES;
				CLANG_WARN_BOOL_CONVERSION = YES;
				CLANG_WARN_COMMA = YES;
				CLANG_WARN_CONSTANT_CONVERSION = YES;
				CLANG_WARN_DEPRECATED_OBJC_IMPLEMENTATIONS = YES;
				CLANG_WARN_DIRECT_OBJC_ISA_USAGE = YES_ERROR;
				CLANG_WARN_DOCUMENTATION_COMMENTS = YES;
				CLANG_WARN_EMPTY_BODY = YES;
				CLANG_WARN_ENUM_CONVERSION = YES;
				CLANG_WARN_INFINITE_RECURSION = YES;
				CLANG_WARN_INT_CONVERSION = YES;
				CLANG_WARN_NON_LITERAL_NULL_CONVERSION = YES;
				CLANG_WARN_OBJC_IMPLICIT_RETAIN_SELF = YES;
				CLANG_WARN_OBJC_LITERAL_CONVERSION = YES;
				CLANG_WARN_OBJC_ROOT_CLASS = YES_ERROR;
				CLANG_WARN_RANGE_LOOP_ANALYSIS = YES;
				CLANG_WARN_STRICT_PROTOTYPES = YES;
				CLANG_WARN_SUSPICIOUS_MOVE = YES;
				CLANG_WARN_UNGUARDED_AVAILABILITY = YES_AGGRESSIVE;
				CLANG_WARN_UNREACHABLE_CODE = YES;
				CLANG_WARN__DUPLICATE_METHOD_MATCH = YES;
				CODE_SIGN_IDENTITY = "iPhone Developer";
				COPY_PHASE_STRIP = NO;
				DEBUG_INFORMATION_FORMAT = "dwarf-with-dsym";
				ENABLE_NS_ASSERTIONS = NO;
				ENABLE_STRICT_OBJC_MSGSEND = YES;
				GCC_C_LANGUAGE_STANDARD = gnu11;
				GCC_NO_COMMON_BLOCKS = YES;
				GCC_WARN_64_TO_32_BIT_CONVERSION = YES;
				GCC_WARN_ABOUT_RETURN_TYPE = YES_ERROR;
				GCC_WARN_UNDECLARED_SELECTOR = YES;
				GCC_WARN_UNINITIALIZED_AUTOS = YES_AGGRESSIVE;
				GCC_WARN_UNUSED_FUNCTION = YES;
				GCC_WARN_UNUSED_VARIABLE = YES;
				IPHONEOS_DEPLOYMENT_TARGET = 12.1;
				MTL_ENABLE_DEBUG_INFO = NO;
				MTL_FAST_MATH = YES;
				SDKROOT = iphoneos;
				SWIFT_COMPILATION_MODE = wholemodule;
				SWIFT_OPTIMIZATION_LEVEL = "-O";
				VALIDATE_PRODUCT = YES;
			};
			name = Release;
		};
		8E06591B2381EE8B006334CF /* Debug */ = {
			isa = XCBuildConfiguration;
			buildSettings = {
				ASSETCATALOG_COMPILER_APPICON_NAME = AppIcon;
				CODE_SIGN_STYLE = Automatic;
				DEVELOPMENT_TEAM = U35J9FZQWQ;
				INFOPLIST_FILE = RedditPostApp/Info.plist;
				LD_RUNPATH_SEARCH_PATHS = (
					"$(inherited)",
					"@executable_path/Frameworks",
				);
				PRODUCT_BUNDLE_IDENTIFIER = OrlandoArzola.RedditPostApp;
				PRODUCT_NAME = "$(TARGET_NAME)";
				SWIFT_VERSION = 4.2;
				TARGETED_DEVICE_FAMILY = "1,2";
			};
			name = Debug;
		};
		8E06591C2381EE8B006334CF /* Release */ = {
			isa = XCBuildConfiguration;
			buildSettings = {
				ASSETCATALOG_COMPILER_APPICON_NAME = AppIcon;
				CODE_SIGN_STYLE = Automatic;
				DEVELOPMENT_TEAM = U35J9FZQWQ;
				INFOPLIST_FILE = RedditPostApp/Info.plist;
				LD_RUNPATH_SEARCH_PATHS = (
					"$(inherited)",
					"@executable_path/Frameworks",
				);
				PRODUCT_BUNDLE_IDENTIFIER = OrlandoArzola.RedditPostApp;
				PRODUCT_NAME = "$(TARGET_NAME)";
				SWIFT_VERSION = 4.2;
				TARGETED_DEVICE_FAMILY = "1,2";
			};
			name = Release;
		};
		8E06591E2381EE8B006334CF /* Debug */ = {
			isa = XCBuildConfiguration;
			buildSettings = {
				ALWAYS_EMBED_SWIFT_STANDARD_LIBRARIES = YES;
				BUNDLE_LOADER = "$(TEST_HOST)";
				CODE_SIGN_STYLE = Automatic;
				DEVELOPMENT_TEAM = U35J9FZQWQ;
				INFOPLIST_FILE = RedditPostAppTests/Info.plist;
				LD_RUNPATH_SEARCH_PATHS = (
					"$(inherited)",
					"@executable_path/Frameworks",
					"@loader_path/Frameworks",
				);
				PRODUCT_BUNDLE_IDENTIFIER = OrlandoArzola.RedditPostAppTests;
				PRODUCT_NAME = "$(TARGET_NAME)";
				SWIFT_VERSION = 4.2;
				TARGETED_DEVICE_FAMILY = "1,2";
				TEST_HOST = "$(BUILT_PRODUCTS_DIR)/RedditPostApp.app/RedditPostApp";
			};
			name = Debug;
		};
		8E06591F2381EE8B006334CF /* Release */ = {
			isa = XCBuildConfiguration;
			buildSettings = {
				ALWAYS_EMBED_SWIFT_STANDARD_LIBRARIES = YES;
				BUNDLE_LOADER = "$(TEST_HOST)";
				CODE_SIGN_STYLE = Automatic;
				DEVELOPMENT_TEAM = U35J9FZQWQ;
				INFOPLIST_FILE = RedditPostAppTests/Info.plist;
				LD_RUNPATH_SEARCH_PATHS = (
					"$(inherited)",
					"@executable_path/Frameworks",
					"@loader_path/Frameworks",
				);
				PRODUCT_BUNDLE_IDENTIFIER = OrlandoArzola.RedditPostAppTests;
				PRODUCT_NAME = "$(TARGET_NAME)";
				SWIFT_VERSION = 4.2;
				TARGETED_DEVICE_FAMILY = "1,2";
				TEST_HOST = "$(BUILT_PRODUCTS_DIR)/RedditPostApp.app/RedditPostApp";
			};
			name = Release;
		};
/* End XCBuildConfiguration section */

/* Begin XCConfigurationList section */
		8E0658F82381EE89006334CF /* Build configuration list for PBXProject "RedditPostApp" */ = {
			isa = XCConfigurationList;
			buildConfigurations = (
				8E0659182381EE8B006334CF /* Debug */,
				8E0659192381EE8B006334CF /* Release */,
			);
			defaultConfigurationIsVisible = 0;
			defaultConfigurationName = Release;
		};
		8E06591A2381EE8B006334CF /* Build configuration list for PBXNativeTarget "RedditPostApp" */ = {
			isa = XCConfigurationList;
			buildConfigurations = (
				8E06591B2381EE8B006334CF /* Debug */,
				8E06591C2381EE8B006334CF /* Release */,
			);
			defaultConfigurationIsVisible = 0;
			defaultConfigurationName = Release;
		};
		8E06591D2381EE8B006334CF /* Build configuration list for PBXNativeTarget "RedditPostAppTests" */ = {
			isa = XCConfigurationList;
			buildConfigurations = (
				8E06591E2381EE8B006334CF /* Debug */,
				8E06591F2381EE8B006334CF /* Release */,
			);
			defaultConfigurationIsVisible = 0;
			defaultConfigurationName = Release;
		};
/* End XCConfigurationList section */
	};
	rootObject = 8E0658F52381EE89006334CF /* Project object */;
}
